NeoBundleLock neobundle.vim 380d9d299300019c0a9970ae6b87faabedab0747
NeoBundleLock vim-airline 70c16f4c46f11395bbbc30b2f0a6822669e7df87
NeoBundleLock vim-airline-themes 97a042a57af7f04e25fddb6e694d75be1d55be02
NeoBundleLock vim-commentary 73e0d9a9d1f51b6cc9dc965f62669194ae851cb1
NeoBundleLock vim-gitgutter 377c71d9823be32c021a597d8d18c3234ed567c1
NeoBundleLock vim-markdown a3169545f330ec8080244c3ad755bb2211eca8a0
NeoBundleLock vim-surround 2d05440ad23f97a7874ebd9b5de3a0e65d25d85c
NeoBundleLock vim-table-mode b613e39bd08ecebdb9b18100dae518050f496048
