NeoBundleLock neobundle.vim c6fa48cd665071b7a4dbf5ab53f48cd5884716ee
NeoBundleLock vim-airline 13bd4701ed8ef57150f2d4f56122cd11ecf39345
NeoBundleLock vim-airline-themes 66c2839bb1126c71a0a2d1da9804161ccd3b78b6
NeoBundleLock vim-commentary be79030b3e8c0ee3c5f45b4333919e4830531e80
NeoBundleLock vim-gitgutter f16cf539a23fc980af1293bebdae61a595baa90c
NeoBundleLock vim-markdown 2cd50d2ca657091c6aa787a3847284fb4cceff49
NeoBundleLock vim-surround e49d6c2459e0f5569ff2d533b4df995dd7f98313
NeoBundleLock vim-table-mode 4e41af8e5f0bf53326d1b83c2feb1eff89fe90d4
